# This file is autogenerated, do not edit; changes may be undone by the next 'dep ensure'.


[[projects]]
  digest = "1:c47f4964978e211c6e566596ec6246c329912ea92e9bb99c00798bb4564c5b09"
  name = "github.com/armon/go-radix"
  packages = ["."]
  pruneopts = "UT"
  revision = "1a2de0c21c94309923825da3df33a4381872c795"
  version = "v1.0.0"

[[projects]]
  digest = "1:76dc72490af7174349349838f2fe118996381b31ea83243812a97e5a0fd5ed55"
  name = "github.com/dgrijalva/jwt-go"
  packages = ["."]
  pruneopts = "UT"
  revision = "06ea1031745cb8b3dab3f6a236daf2b0aa468b7e"
  version = "v3.2.0"

[[projects]]
  digest = "1:3f412238184cc6e52f65cb91eab7259b83f6655638206b979a571e3b0158b32f"
  name = "github.com/elastic/go-sysinfo"
  packages = [
    ".",
    "internal/registry",
    "providers/darwin",
    "providers/linux",
    "providers/shared",
    "providers/windows",
    "types",
  ]
  pruneopts = "UT"
  revision = "cee67141de1bdfb666367301f44e559e58b16734"
  version = "v1.2.1"

[[projects]]
  digest = "1:1ccb0a9b1971646dcaa9537cce0423a14aaf0643311abb8da753cd59372915d5"
  name = "github.com/elastic/go-windows"
  packages = ["."]
  pruneopts = "UT"
  revision = "8c929792e70203792e3baf128c380e28754ae8b5"
  version = "v1.0.1"

[[projects]]
  digest = "1:a3af33fd30536d9c5a7b6ad542390919e57c1125097a194c7b3d9904109a0611"
  name = "github.com/go-sql-driver/mysql"
  packages = ["."]
  pruneopts = "UT"
  revision = "17ef3dd9d98b69acec3e85878995ada9533a9370"
  version = "v1.5.0"

[[projects]]
  digest = "1:cbec35fe4d5a4fba369a656a8cd65e244ea2c743007d8f6c1ccb132acf9d1296"
  name = "github.com/gorilla/mux"
  packages = ["."]
  pruneopts = "UT"
  revision = "00bdffe0f3c77e27d2cf6f5c70232a2d3e4d9c15"
  version = "v1.7.3"

[[projects]]
  digest = "1:3f4a1fbb5a68fd7a76273c7576a10c39d7a94247bf8c7ac1ae0c8200efa16ade"
  name = "github.com/jinzhu/gorm"
  packages = [
    ".",
    "dialects/mysql",
  ]
  pruneopts = "UT"
  revision = "79a77d771dee4e4b60e9c543e8663bbc80466670"
  version = "v1.9.12"

[[projects]]
  digest = "1:01ed62f8f4f574d8aff1d88caee113700a2b44c42351943fa73cc1808f736a50"
  name = "github.com/jinzhu/inflection"
  packages = ["."]
  pruneopts = "UT"
  revision = "f5c5f50e6090ae76a29240b61ae2a90dd810112e"
  version = "v1.0.0"

[[projects]]
  branch = "master"
  digest = "1:ca41e6bafdc8d60c47dba38e9adfc75219a2892b09e5c2160161e7b6bf9562c2"
  name = "github.com/joeshaw/multierror"
  packages = ["."]
  pruneopts = "UT"
  revision = "69b34d4ec901851247ae7e77d33909caf9df99ed"

[[projects]]
  digest = "1:31e761d97c76151dde79e9d28964a812c46efc5baee4085b86f68f0c654450de"
  name = "github.com/konsorten/go-windows-terminal-sequences"
  packages = ["."]
  pruneopts = "UT"
  revision = "f55edac94c9bbba5d6182a4be46d86a2c9b5b50e"
  version = "v1.0.2"

[[projects]]
  digest = "1:cf31692c14422fa27c83a05292eb5cbe0fb2775972e8f1f8446a71549bd8980b"
  name = "github.com/pkg/errors"
  packages = ["."]
  pruneopts = "UT"
  revision = "ba968bfe8b2f7e042a574c888954fccecfa385b4"
  version = "v0.8.1"

[[projects]]
  digest = "1:ec0ff4bd619a67065e34d6477711ed0117e335f99059a4c508e0fe21cfe7b304"
  name = "github.com/prometheus/procfs"
  packages = [
    ".",
    "internal/fs",
    "internal/util",
  ]
  pruneopts = "UT"
  revision = "6d489fc7f1d9cd890a250f3ea3431b1744b9623f"
  version = "v0.0.8"

[[projects]]
  digest = "1:f14bf32b78c78b67924b7d7d2a9b680d72719176c16b0b762ce9eab362b350aa"
  name = "github.com/santhosh-tekuri/jsonschema"
  packages = ["."]
  pruneopts = "UT"
  revision = "8ee033dcee8e60c44bbe70cb93aabe994997483a"
  version = "v2.1.0"

[[projects]]
  digest = "1:04457f9f6f3ffc5fea48e71d62f2ca256637dee0a04d710288e27e05c8b41976"
  name = "github.com/sirupsen/logrus"
  packages = ["."]
  pruneopts = "UT"
  revision = "839c75faf7f98a33d445d181f3018b5c3409a45e"
  version = "v1.4.2"

[[projects]]
  digest = "1:ce3228f54682ca3a369f5c7fea9e5b263b2cb78df6882172ebca456b5b1c3596"
  name = "go.elastic.co/apm"
  packages = [
    ".",
    "apmconfig",
    "internal/apmcontext",
    "internal/apmhostutil",
    "internal/apmhttputil",
    "internal/apmlog",
    "internal/apmschema",
    "internal/apmstrings",
    "internal/apmversion",
    "internal/configutil",
    "internal/iochan",
    "internal/pkgerrorsutil",
    "internal/ringbuffer",
    "internal/sqlscanner",
    "internal/sqlutil",
    "internal/wildcard",
    "model",
    "module/apmgorilla",
    "module/apmgorm",
    "module/apmhttp",
    "module/apmsql",
    "stacktrace",
    "transport",
  ]
  pruneopts = "UT"
  revision = "bd04e1a7f15b96a6756b235a76645d7e10da5f99"
  version = "v1.7.0"

[[projects]]
  digest = "1:48734c7f94880e24ce5e530e904223bfb70ac4802530f9a35fdb140bfefda2f3"
  name = "go.elastic.co/fastjson"
  packages = ["."]
  pruneopts = "UT"
  revision = "676cec79bd027a8a4618de0991f27cfe632978f1"
  version = "v1.0.0"

[[projects]]
  branch = "master"
  digest = "1:9d5b5d543996dd584da1db1e0de1926f3e4c3a8dba0fa2f8db70f3ebee2342e0"
  name = "golang.org/x/crypto"
  packages = [
    "bcrypt",
    "blowfish",
  ]
  pruneopts = "UT"
  revision = "61a87790db17894570dfb32dbaa0a4af9ce60cb4"

[[projects]]
  branch = "master"
  digest = "1:be9df5aef40b342fe1bdc21eaa964ed8f6a34aeb6ec855d5a0a56a4c86728642"
  name = "golang.org/x/sys"
  packages = [
    "unix",
    "windows",
    "windows/registry",
  ]
  pruneopts = "UT"
  revision = "548cf772de5052aa878ccb47cdeb7d262b75c8ec"

[[projects]]
  branch = "master"
  digest = "1:c10265d5a71326618d37e97169eddb3582f78e8ac7dcf87403b4cf619efd519a"
  name = "howett.net/plist"
  packages = ["."]
  pruneopts = "UT"
  revision = "591f970eefbbeb04d7b37f334a0c4c3256e32876"

[solve-meta]
  analyzer-name = "dep"
  analyzer-version = 1
  input-imports = [
    "github.com/dgrijalva/jwt-go",
    "github.com/gorilla/mux",
    "github.com/jinzhu/gorm",
    "github.com/jinzhu/gorm/dialects/mysql",
    "github.com/sirupsen/logrus",
    "go.elastic.co/apm",
    "go.elastic.co/apm/module/apmgorilla",
    "go.elastic.co/apm/module/apmgorm",
    "golang.org/x/crypto/bcrypt",
  ]
  solver-name = "gps-cdcl"
  solver-version = 1
